{
  "originHash" : "fe74f9e4a3a9ec6fb219308da547a36fe828e569d18c51bf7f7cfe76ef58ba07",
  "pins" : [
    {
      "identity" : "openimmersivelib",
      "kind" : "remoteSourceControl",
      "location" : "https://github.com/acuteimmersive/openimmersivelib",
      "state" : {
        "revision" : "275e151304360283aca512ca211ec56a75ea0d42",
        "version" : "1.4.4"
      }
    }
  ],
  "version" : 3
}
