{
  "originHash" : "fe74f9e4a3a9ec6fb219308da547a36fe828e569d18c51bf7f7cfe76ef58ba07",
  "pins" : [
    {
      "identity" : "openimmersivelib",
      "kind" : "remoteSourceControl",
      "location" : "https://github.com/acuteimmersive/openimmersivelib",
      "state" : {
        "revision" : "c3efacc9307f4f8f2ad660b6f67a6b0397812fd2",
        "version" : "1.2.1"
      }
    }
  ],
  "version" : 3
}
