{
  "originHash" : "fe74f9e4a3a9ec6fb219308da547a36fe828e569d18c51bf7f7cfe76ef58ba07",
  "pins" : [
    {
      "identity" : "openimmersivelib",
      "kind" : "remoteSourceControl",
      "location" : "https://github.com/acuteimmersive/openimmersivelib",
      "state" : {
        "revision" : "670e0bc6701095d0b2aa5b80d0b8258763b57632",
        "version" : "1.6.3"
      }
    }
  ],
  "version" : 3
}
